{
  "name": "backend",
  "lockfileVersion": 3,
  "requires": true,
  "packages": {
    "": {
      "dependencies": {
        "suicidal": "file:.."
      }
    },
    "..": {
      "name": "suicidal",
      "version": "1.0.0",
      "license": "ISC",
      "dependencies": {
        "concurrently": "^9.2.1",
        "cors": "^2.8.5",
        "express": "^5.1.0"
      }
    },
    "node_modules/suicidal": {
      "resolved": "..",
      "link": true
    }
  }
}
